// !$*UTF8*$!
{
	archiveVersion = 1;
	classes = {
	};
	objectVersion = 50;
	objects = {

/* Begin PBXBuildFile section */
		FB0807EF24A090CA00016E18 /* GuideRandomSet.swift in Sources */ = {isa = PBXBuildFile; fileRef = FB0807EE24A090CA00016E18 /* GuideRandomSet.swift */; };
		FB0807F124A0948500016E18 /* PatternsRandomSet.swift in Sources */ = {isa = PBXBuildFile; fileRef = FB0807F024A0948500016E18 /* PatternsRandomSet.swift */; };
		FB119C16246A54BC005F5289 /* StructuresAndClassesSet.swift in Sources */ = {isa = PBXBuildFile; fileRef = FB119C15246A54BC005F5289 /* StructuresAndClassesSet.swift */; };
		FB119C1A246A5522005F5289 /* PropertiesSet.swift in Sources */ = {isa = PBXBuildFile; fileRef = FB119C19246A5522005F5289 /* PropertiesSet.swift */; };
		FB119C1C246A554B005F5289 /* MethodsSet.swift in Sources */ = {isa = PBXBuildFile; fileRef = FB119C1B246A554B005F5289 /* MethodsSet.swift */; };
		FB119C23246A5AB3005F5289 /* SubscriptsSet.swift in Sources */ = {isa = PBXBuildFile; fileRef = FB119C22246A5AB3005F5289 /* SubscriptsSet.swift */; };
		FB119C25246A5AC2005F5289 /* InheritanceSet.swift in Sources */ = {isa = PBXBuildFile; fileRef = FB119C24246A5AC2005F5289 /* InheritanceSet.swift */; };
		FB119C27246A5ACC005F5289 /* InitializationSet.swift in Sources */ = {isa = PBXBuildFile; fileRef = FB119C26246A5ACC005F5289 /* InitializationSet.swift */; };
		FB119C29246A5AD7005F5289 /* DeinitializationSet.swift in Sources */ = {isa = PBXBuildFile; fileRef = FB119C28246A5AD7005F5289 /* DeinitializationSet.swift */; };
		FB119C2B246A5AE4005F5289 /* ErrorHandlingSet.swift in Sources */ = {isa = PBXBuildFile; fileRef = FB119C2A246A5AE4005F5289 /* ErrorHandlingSet.swift */; };
		FB119C2D246A5AF0005F5289 /* OptionalChainingSet.swift in Sources */ = {isa = PBXBuildFile; fileRef = FB119C2C246A5AF0005F5289 /* OptionalChainingSet.swift */; };
		FB119C30246A5B03005F5289 /* TypeCastingSet.swift in Sources */ = {isa = PBXBuildFile; fileRef = FB119C2F246A5B03005F5289 /* TypeCastingSet.swift */; };
		FB119C32246A5B12005F5289 /* ExtensionsSet.swift in Sources */ = {isa = PBXBuildFile; fileRef = FB119C31246A5B12005F5289 /* ExtensionsSet.swift */; };
		FB119C34246A5B23005F5289 /* NestedTypesSet.swift in Sources */ = {isa = PBXBuildFile; fileRef = FB119C33246A5B23005F5289 /* NestedTypesSet.swift */; };
		FB119C36246A5B2F005F5289 /* ProtocolsSet.swift in Sources */ = {isa = PBXBuildFile; fileRef = FB119C35246A5B2F005F5289 /* ProtocolsSet.swift */; };
		FB119C38246A5B3C005F5289 /* GenericsSet.swift in Sources */ = {isa = PBXBuildFile; fileRef = FB119C37246A5B3C005F5289 /* GenericsSet.swift */; };
		FB119C3E246A5B63005F5289 /* ARCSet.swift in Sources */ = {isa = PBXBuildFile; fileRef = FB119C3D246A5B63005F5289 /* ARCSet.swift */; };
		FB1D0B972446E7A600E9C56D /* TheBasicsSet.swift in Sources */ = {isa = PBXBuildFile; fileRef = FB1D0B962446E7A600E9C56D /* TheBasicsSet.swift */; };
		FB1D0B9924470D7E00E9C56D /* BasicOperatorsSet.swift in Sources */ = {isa = PBXBuildFile; fileRef = FB1D0B9824470D7E00E9C56D /* BasicOperatorsSet.swift */; };
		FB1D0B9D244C45AD00E9C56D /* SettingsViewController.swift in Sources */ = {isa = PBXBuildFile; fileRef = FB1D0B9C244C45AD00E9C56D /* SettingsViewController.swift */; };
		FB1D0BAF244D918900E9C56D /* RecordCell.swift in Sources */ = {isa = PBXBuildFile; fileRef = FB1D0BAD244D918900E9C56D /* RecordCell.swift */; };
		FB1D0BB0244D918900E9C56D /* RecordCell.xib in Resources */ = {isa = PBXBuildFile; fileRef = FB1D0BAE244D918900E9C56D /* RecordCell.xib */; };
		FB1D0BB22450133200E9C56D /* HelpViewController.swift in Sources */ = {isa = PBXBuildFile; fileRef = FB1D0BB12450133200E9C56D /* HelpViewController.swift */; };
		FB2EAC94243EEE0F0098FAC3 /* AppDelegate.swift in Sources */ = {isa = PBXBuildFile; fileRef = FB2EAC93243EEE0F0098FAC3 /* AppDelegate.swift */; };
		FB2EAC96243EEE0F0098FAC3 /* SceneDelegate.swift in Sources */ = {isa = PBXBuildFile; fileRef = FB2EAC95243EEE0F0098FAC3 /* SceneDelegate.swift */; };
		FB2EAC98243EEE0F0098FAC3 /* GameViewController.swift in Sources */ = {isa = PBXBuildFile; fileRef = FB2EAC97243EEE0F0098FAC3 /* GameViewController.swift */; };
		FB2EAC9D243EEE130098FAC3 /* Assets.xcassets in Resources */ = {isa = PBXBuildFile; fileRef = FB2EAC9C243EEE130098FAC3 /* Assets.xcassets */; };
		FB2EACA0243EEE130098FAC3 /* LaunchScreen.storyboard in Resources */ = {isa = PBXBuildFile; fileRef = FB2EAC9E243EEE130098FAC3 /* LaunchScreen.storyboard */; };
		FB37AA3C246D2CCD001E08CE /* CategoriesCell.swift in Sources */ = {isa = PBXBuildFile; fileRef = FB37AA3A246D2CCD001E08CE /* CategoriesCell.swift */; };
		FB37AA3F246D2D7C001E08CE /* TopicViewController.swift in Sources */ = {isa = PBXBuildFile; fileRef = FB37AA3E246D2D7C001E08CE /* TopicViewController.swift */; };
		FB6624E324DFF4B7008C9CE5 /* GameHistory.swift in Sources */ = {isa = PBXBuildFile; fileRef = FB6624E224DFF4B7008C9CE5 /* GameHistory.swift */; };
		FB6624E524E014FA008C9CE5 /* GameHistoryViewController.swift in Sources */ = {isa = PBXBuildFile; fileRef = FB6624E424E014FA008C9CE5 /* GameHistoryViewController.swift */; };
		FB6624E924E0202C008C9CE5 /* GameHistoryCell.swift in Sources */ = {isa = PBXBuildFile; fileRef = FB6624E724E0202C008C9CE5 /* GameHistoryCell.swift */; };
		FB6624EA24E0202C008C9CE5 /* GameHistoryCell.xib in Resources */ = {isa = PBXBuildFile; fileRef = FB6624E824E0202C008C9CE5 /* GameHistoryCell.xib */; };
		FB6624EB24E02552008C9CE5 /* Main.storyboard in Resources */ = {isa = PBXBuildFile; fileRef = FB2EAC99243EEE0F0098FAC3 /* Main.storyboard */; };
		FB66C04F24542587009FADDE /* Settings.swift in Sources */ = {isa = PBXBuildFile; fileRef = FB66C04E24542587009FADDE /* Settings.swift */; };
		FB66C05124544125009FADDE /* SettingsCaretaker.swift in Sources */ = {isa = PBXBuildFile; fileRef = FB66C05024544125009FADDE /* SettingsCaretaker.swift */; };
		FB66C0532454782B009FADDE /* Topic.swift in Sources */ = {isa = PBXBuildFile; fileRef = FB66C0522454782B009FADDE /* Topic.swift */; };
		FB66C05524547916009FADDE /* TopicCaretaker.swift in Sources */ = {isa = PBXBuildFile; fileRef = FB66C05424547916009FADDE /* TopicCaretaker.swift */; };
		FB66C058245591AC009FADDE /* SettingEnums.swift in Sources */ = {isa = PBXBuildFile; fileRef = FB66C057245591AC009FADDE /* SettingEnums.swift */; };
		FB69CBED24ACFD64007506F6 /* swipe.mp3 in Resources */ = {isa = PBXBuildFile; fileRef = FB69CBEC24ACFD64007506F6 /* swipe.mp3 */; };
		FB7B13E124AA020400CB11C6 /* GameHelper.swift in Sources */ = {isa = PBXBuildFile; fileRef = FB7B13E024AA020400CB11C6 /* GameHelper.swift */; };
		FB7B13E324AB5DE600CB11C6 /* LaunchViewController.swift in Sources */ = {isa = PBXBuildFile; fileRef = FB7B13E224AB5DE600CB11C6 /* LaunchViewController.swift */; };
		FB7BCD4C24BC410600B8F6BA /* BasicsAboutPatternsSet.swift in Sources */ = {isa = PBXBuildFile; fileRef = FB7BCD4B24BC410600B8F6BA /* BasicsAboutPatternsSet.swift */; };
		FB7BCD5024BDCDA700B8F6BA /* hideContinue.mp3 in Resources */ = {isa = PBXBuildFile; fileRef = FB7BCD4E24BDCDA700B8F6BA /* hideContinue.mp3 */; };
		FB7BCD5124BDCDA700B8F6BA /* showContinue.mp3 in Resources */ = {isa = PBXBuildFile; fileRef = FB7BCD4F24BDCDA700B8F6BA /* showContinue.mp3 */; };
		FB8606A72441CF1C00A692AD /* Game.swift in Sources */ = {isa = PBXBuildFile; fileRef = FB8606A62441CF1C00A692AD /* Game.swift */; };
		FB8606A92441CF7300A692AD /* Record.swift in Sources */ = {isa = PBXBuildFile; fileRef = FB8606A82441CF7300A692AD /* Record.swift */; };
		FB8606AA2441D4B300A692AD /* InitialViewController.swift in Sources */ = {isa = PBXBuildFile; fileRef = FBECDC5A243F2D0500BD5583 /* InitialViewController.swift */; };
		FB8606AD24431A9300A692AD /* RecordsViewController.swift in Sources */ = {isa = PBXBuildFile; fileRef = FB8606AC24431A9300A692AD /* RecordsViewController.swift */; };
		FB8606B224445E0600A692AD /* RecordsCaretaker.swift in Sources */ = {isa = PBXBuildFile; fileRef = FB8606B124445E0600A692AD /* RecordsCaretaker.swift */; };
		FB86ACA02469A3E9002BA8B3 /* ControlFlowSet.swift in Sources */ = {isa = PBXBuildFile; fileRef = FB86AC9F2469A3E9002BA8B3 /* ControlFlowSet.swift */; };
		FB86ACA22469A3F8002BA8B3 /* FunctionsSet.swift in Sources */ = {isa = PBXBuildFile; fileRef = FB86ACA12469A3F8002BA8B3 /* FunctionsSet.swift */; };
		FB86ACA62469A410002BA8B3 /* ClosuresSet.swift in Sources */ = {isa = PBXBuildFile; fileRef = FB86ACA52469A410002BA8B3 /* ClosuresSet.swift */; };
		FB86ACA82469A424002BA8B3 /* EnumerationsSet.swift in Sources */ = {isa = PBXBuildFile; fileRef = FB86ACA72469A424002BA8B3 /* EnumerationsSet.swift */; };
		FB87420C24605BF500247923 /* button2.wav in Resources */ = {isa = PBXBuildFile; fileRef = FB87420824605BF500247923 /* button2.wav */; };
		FB87420D24605BF500247923 /* trash.mp3 in Resources */ = {isa = PBXBuildFile; fileRef = FB87420924605BF500247923 /* trash.mp3 */; };
		FB87420E24605BF500247923 /* button1.wav in Resources */ = {isa = PBXBuildFile; fileRef = FB87420A24605BF500247923 /* button1.wav */; };
		FB8742122461ABA600247923 /* SoundPlayer.swift in Sources */ = {isa = PBXBuildFile; fileRef = FB8742112461ABA600247923 /* SoundPlayer.swift */; };
		FB954D4A246E5BD0000C952E /* StringAndCharactersSet.swift in Sources */ = {isa = PBXBuildFile; fileRef = FB954D49246E5BD0000C952E /* StringAndCharactersSet.swift */; };
		FB966289246E6D8C000B82B9 /* AccessControlSet.swift in Sources */ = {isa = PBXBuildFile; fileRef = FB966288246E6D8C000B82B9 /* AccessControlSet.swift */; };
		FB96628B246E6D9B000B82B9 /* MemorySafetySet.swift in Sources */ = {isa = PBXBuildFile; fileRef = FB96628A246E6D9B000B82B9 /* MemorySafetySet.swift */; };
		FB96628D246E6E85000B82B9 /* AdvancedOperatorsSet.swift in Sources */ = {isa = PBXBuildFile; fileRef = FB96628C246E6E85000B82B9 /* AdvancedOperatorsSet.swift */; };
		FB99F88B247B95430053166C /* CreationalPatternsSet.swift in Sources */ = {isa = PBXBuildFile; fileRef = FB99F88A247B95430053166C /* CreationalPatternsSet.swift */; };
		FB99F88D247B978C0053166C /* StructuralPatternsSet.swift in Sources */ = {isa = PBXBuildFile; fileRef = FB99F88C247B978C0053166C /* StructuralPatternsSet.swift */; };
		FB99F890247B98AE0053166C /* BehavioralPatternsSet.swift in Sources */ = {isa = PBXBuildFile; fileRef = FB99F88F247B98AE0053166C /* BehavioralPatternsSet.swift */; };
		FB99F892247B98E40053166C /* AntipatternsSet.swift in Sources */ = {isa = PBXBuildFile; fileRef = FB99F891247B98E40053166C /* AntipatternsSet.swift */; };
		FB99F8C2247BA4690053166C /* CategoriesCell.xib in Resources */ = {isa = PBXBuildFile; fileRef = FB37AA3B246D2CCD001E08CE /* CategoriesCell.xib */; };
		FBA764FB246331E400D567D0 /* button3.mp3 in Resources */ = {isa = PBXBuildFile; fileRef = FBA764F9246331E400D567D0 /* button3.mp3 */; };
		FBA764FC246331E400D567D0 /* button4.mp3 in Resources */ = {isa = PBXBuildFile; fileRef = FBA764FA246331E400D567D0 /* button4.mp3 */; };
		FBA97904247CF43200228FB5 /* SettingCell.swift in Sources */ = {isa = PBXBuildFile; fileRef = FBA97902247CF43200228FB5 /* SettingCell.swift */; };
		FBA97905247CF43200228FB5 /* SettingCell.xib in Resources */ = {isa = PBXBuildFile; fileRef = FBA97903247CF43200228FB5 /* SettingCell.xib */; };
		FBAD8EFA2445EFD500494BE7 /* SelectedTopic.swift in Sources */ = {isa = PBXBuildFile; fileRef = FBAD8EF92445EFD500494BE7 /* SelectedTopic.swift */; };
		FBADAAEF246825560014501E /* CollectionTypesSet.swift in Sources */ = {isa = PBXBuildFile; fileRef = FBADAAEE246825560014501E /* CollectionTypesSet.swift */; };
		FBB3584524BF229300C33A79 /* AboutProjectController.swift in Sources */ = {isa = PBXBuildFile; fileRef = FBB3584424BF229300C33A79 /* AboutProjectController.swift */; };
		FBB4405524991C1E00D88937 /* RandomSuperSets.swift in Sources */ = {isa = PBXBuildFile; fileRef = FBB4405424991C1E00D88937 /* RandomSuperSets.swift */; };
		FBC1D4842474EE020055FF62 /* AnswerButtonsView.swift in Sources */ = {isa = PBXBuildFile; fileRef = FBC1D4832474EE020055FF62 /* AnswerButtonsView.swift */; };
		FBC1D48A247574730055FF62 /* ShadowsHelper.swift in Sources */ = {isa = PBXBuildFile; fileRef = FBC1D489247574730055FF62 /* ShadowsHelper.swift */; };
		FBDECD842484D073004695FB /* RoundCornerButton.swift in Sources */ = {isa = PBXBuildFile; fileRef = FBDECD832484D073004695FB /* RoundCornerButton.swift */; };
		FBECDC5E243F310800BD5583 /* Question.swift in Sources */ = {isa = PBXBuildFile; fileRef = FBECDC5D243F310800BD5583 /* Question.swift */; };
		FBECDC60243F352D00BD5583 /* TopicOperator.swift in Sources */ = {isa = PBXBuildFile; fileRef = FBECDC5F243F352D00BD5583 /* TopicOperator.swift */; };
/* End PBXBuildFile section */

/* Begin PBXFileReference section */
		FB0807EE24A090CA00016E18 /* GuideRandomSet.swift */ = {isa = PBXFileReference; lastKnownFileType = sourcecode.swift; path = GuideRandomSet.swift; sourceTree = "<group>"; };
		FB0807F024A0948500016E18 /* PatternsRandomSet.swift */ = {isa = PBXFileReference; lastKnownFileType = sourcecode.swift; path = PatternsRandomSet.swift; sourceTree = "<group>"; };
		FB119C15246A54BC005F5289 /* StructuresAndClassesSet.swift */ = {isa = PBXFileReference; lastKnownFileType = sourcecode.swift; path = StructuresAndClassesSet.swift; sourceTree = "<group>"; };
		FB119C19246A5522005F5289 /* PropertiesSet.swift */ = {isa = PBXFileReference; lastKnownFileType = sourcecode.swift; path = PropertiesSet.swift; sourceTree = "<group>"; };
		FB119C1B246A554B005F5289 /* MethodsSet.swift */ = {isa = PBXFileReference; lastKnownFileType = sourcecode.swift; path = MethodsSet.swift; sourceTree = "<group>"; };
		FB119C22246A5AB3005F5289 /* SubscriptsSet.swift */ = {isa = PBXFileReference; lastKnownFileType = sourcecode.swift; path = SubscriptsSet.swift; sourceTree = "<group>"; };
		FB119C24246A5AC2005F5289 /* InheritanceSet.swift */ = {isa = PBXFileReference; lastKnownFileType = sourcecode.swift; path = InheritanceSet.swift; sourceTree = "<group>"; };
		FB119C26246A5ACC005F5289 /* InitializationSet.swift */ = {isa = PBXFileReference; lastKnownFileType = sourcecode.swift; path = InitializationSet.swift; sourceTree = "<group>"; };
		FB119C28246A5AD7005F5289 /* DeinitializationSet.swift */ = {isa = PBXFileReference; lastKnownFileType = sourcecode.swift; path = DeinitializationSet.swift; sourceTree = "<group>"; };
		FB119C2A246A5AE4005F5289 /* ErrorHandlingSet.swift */ = {isa = PBXFileReference; lastKnownFileType = sourcecode.swift; path = ErrorHandlingSet.swift; sourceTree = "<group>"; };
		FB119C2C246A5AF0005F5289 /* OptionalChainingSet.swift */ = {isa = PBXFileReference; lastKnownFileType = sourcecode.swift; path = OptionalChainingSet.swift; sourceTree = "<group>"; };
		FB119C2F246A5B03005F5289 /* TypeCastingSet.swift */ = {isa = PBXFileReference; lastKnownFileType = sourcecode.swift; path = TypeCastingSet.swift; sourceTree = "<group>"; };
		FB119C31246A5B12005F5289 /* ExtensionsSet.swift */ = {isa = PBXFileReference; lastKnownFileType = sourcecode.swift; path = ExtensionsSet.swift; sourceTree = "<group>"; };
		FB119C33246A5B23005F5289 /* NestedTypesSet.swift */ = {isa = PBXFileReference; lastKnownFileType = sourcecode.swift; path = NestedTypesSet.swift; sourceTree = "<group>"; };
		FB119C35246A5B2F005F5289 /* ProtocolsSet.swift */ = {isa = PBXFileReference; lastKnownFileType = sourcecode.swift; path = ProtocolsSet.swift; sourceTree = "<group>"; };
		FB119C37246A5B3C005F5289 /* GenericsSet.swift */ = {isa = PBXFileReference; lastKnownFileType = sourcecode.swift; path = GenericsSet.swift; sourceTree = "<group>"; };
		FB119C3D246A5B63005F5289 /* ARCSet.swift */ = {isa = PBXFileReference; lastKnownFileType = sourcecode.swift; path = ARCSet.swift; sourceTree = "<group>"; };
		FB1D0B962446E7A600E9C56D /* TheBasicsSet.swift */ = {isa = PBXFileReference; lastKnownFileType = sourcecode.swift; path = TheBasicsSet.swift; sourceTree = "<group>"; };
		FB1D0B9824470D7E00E9C56D /* BasicOperatorsSet.swift */ = {isa = PBXFileReference; lastKnownFileType = sourcecode.swift; path = BasicOperatorsSet.swift; sourceTree = "<group>"; };
		FB1D0B9C244C45AD00E9C56D /* SettingsViewController.swift */ = {isa = PBXFileReference; lastKnownFileType = sourcecode.swift; path = SettingsViewController.swift; sourceTree = "<group>"; };
		FB1D0BAD244D918900E9C56D /* RecordCell.swift */ = {isa = PBXFileReference; lastKnownFileType = sourcecode.swift; path = RecordCell.swift; sourceTree = "<group>"; };
		FB1D0BAE244D918900E9C56D /* RecordCell.xib */ = {isa = PBXFileReference; lastKnownFileType = file.xib; path = RecordCell.xib; sourceTree = "<group>"; };
		FB1D0BB12450133200E9C56D /* HelpViewController.swift */ = {isa = PBXFileReference; lastKnownFileType = sourcecode.swift; path = HelpViewController.swift; sourceTree = "<group>"; };
		FB2EAC90243EEE0F0098FAC3 /* Swifty-Quiz.app */ = {isa = PBXFileReference; explicitFileType = wrapper.application; includeInIndex = 0; path = "Swifty-Quiz.app"; sourceTree = BUILT_PRODUCTS_DIR; };
		FB2EAC93243EEE0F0098FAC3 /* AppDelegate.swift */ = {isa = PBXFileReference; lastKnownFileType = sourcecode.swift; path = AppDelegate.swift; sourceTree = "<group>"; };
		FB2EAC95243EEE0F0098FAC3 /* SceneDelegate.swift */ = {isa = PBXFileReference; lastKnownFileType = sourcecode.swift; path = SceneDelegate.swift; sourceTree = "<group>"; };
		FB2EAC97243EEE0F0098FAC3 /* GameViewController.swift */ = {isa = PBXFileReference; lastKnownFileType = sourcecode.swift; path = GameViewController.swift; sourceTree = "<group>"; };
		FB2EAC9A243EEE0F0098FAC3 /* Base */ = {isa = PBXFileReference; lastKnownFileType = file.storyboard; name = Base; path = Base.lproj/Main.storyboard; sourceTree = "<group>"; };
		FB2EAC9C243EEE130098FAC3 /* Assets.xcassets */ = {isa = PBXFileReference; lastKnownFileType = folder.assetcatalog; path = Assets.xcassets; sourceTree = "<group>"; };
		FB2EAC9F243EEE130098FAC3 /* Base */ = {isa = PBXFileReference; lastKnownFileType = file.storyboard; name = Base; path = Base.lproj/LaunchScreen.storyboard; sourceTree = "<group>"; };
		FB2EACA1243EEE130098FAC3 /* Info.plist */ = {isa = PBXFileReference; lastKnownFileType = text.plist.xml; path = Info.plist; sourceTree = "<group>"; };
		FB37AA3A246D2CCD001E08CE /* CategoriesCell.swift */ = {isa = PBXFileReference; lastKnownFileType = sourcecode.swift; path = CategoriesCell.swift; sourceTree = "<group>"; };
		FB37AA3B246D2CCD001E08CE /* CategoriesCell.xib */ = {isa = PBXFileReference; lastKnownFileType = file.xib; path = CategoriesCell.xib; sourceTree = "<group>"; };
		FB37AA3E246D2D7C001E08CE /* TopicViewController.swift */ = {isa = PBXFileReference; lastKnownFileType = sourcecode.swift; path = TopicViewController.swift; sourceTree = "<group>"; };
		FB6624E224DFF4B7008C9CE5 /* GameHistory.swift */ = {isa = PBXFileReference; lastKnownFileType = sourcecode.swift; path = GameHistory.swift; sourceTree = "<group>"; };
		FB6624E424E014FA008C9CE5 /* GameHistoryViewController.swift */ = {isa = PBXFileReference; lastKnownFileType = sourcecode.swift; path = GameHistoryViewController.swift; sourceTree = "<group>"; };
		FB6624E724E0202C008C9CE5 /* GameHistoryCell.swift */ = {isa = PBXFileReference; lastKnownFileType = sourcecode.swift; path = GameHistoryCell.swift; sourceTree = "<group>"; };
		FB6624E824E0202C008C9CE5 /* GameHistoryCell.xib */ = {isa = PBXFileReference; lastKnownFileType = file.xib; path = GameHistoryCell.xib; sourceTree = "<group>"; };
		FB66C04E24542587009FADDE /* Settings.swift */ = {isa = PBXFileReference; lastKnownFileType = sourcecode.swift; path = Settings.swift; sourceTree = "<group>"; };
		FB66C05024544125009FADDE /* SettingsCaretaker.swift */ = {isa = PBXFileReference; lastKnownFileType = sourcecode.swift; path = SettingsCaretaker.swift; sourceTree = "<group>"; };
		FB66C0522454782B009FADDE /* Topic.swift */ = {isa = PBXFileReference; lastKnownFileType = sourcecode.swift; path = Topic.swift; sourceTree = "<group>"; };
		FB66C05424547916009FADDE /* TopicCaretaker.swift */ = {isa = PBXFileReference; lastKnownFileType = sourcecode.swift; path = TopicCaretaker.swift; sourceTree = "<group>"; };
		FB66C057245591AC009FADDE /* SettingEnums.swift */ = {isa = PBXFileReference; lastKnownFileType = sourcecode.swift; path = SettingEnums.swift; sourceTree = "<group>"; };
		FB69CBEC24ACFD64007506F6 /* swipe.mp3 */ = {isa = PBXFileReference; lastKnownFileType = audio.mp3; path = swipe.mp3; sourceTree = "<group>"; };
		FB7B13E024AA020400CB11C6 /* GameHelper.swift */ = {isa = PBXFileReference; lastKnownFileType = sourcecode.swift; path = GameHelper.swift; sourceTree = "<group>"; };
		FB7B13E224AB5DE600CB11C6 /* LaunchViewController.swift */ = {isa = PBXFileReference; lastKnownFileType = sourcecode.swift; path = LaunchViewController.swift; sourceTree = "<group>"; };
		FB7BCD4B24BC410600B8F6BA /* BasicsAboutPatternsSet.swift */ = {isa = PBXFileReference; lastKnownFileType = sourcecode.swift; path = BasicsAboutPatternsSet.swift; sourceTree = "<group>"; };
		FB7BCD4E24BDCDA700B8F6BA /* hideContinue.mp3 */ = {isa = PBXFileReference; lastKnownFileType = audio.mp3; path = hideContinue.mp3; sourceTree = "<group>"; };
		FB7BCD4F24BDCDA700B8F6BA /* showContinue.mp3 */ = {isa = PBXFileReference; lastKnownFileType = audio.mp3; path = showContinue.mp3; sourceTree = "<group>"; };
		FB8606A62441CF1C00A692AD /* Game.swift */ = {isa = PBXFileReference; lastKnownFileType = sourcecode.swift; path = Game.swift; sourceTree = "<group>"; };
		FB8606A82441CF7300A692AD /* Record.swift */ = {isa = PBXFileReference; lastKnownFileType = sourcecode.swift; path = Record.swift; sourceTree = "<group>"; };
		FB8606AC24431A9300A692AD /* RecordsViewController.swift */ = {isa = PBXFileReference; lastKnownFileType = sourcecode.swift; path = RecordsViewController.swift; sourceTree = "<group>"; };
		FB8606B124445E0600A692AD /* RecordsCaretaker.swift */ = {isa = PBXFileReference; lastKnownFileType = sourcecode.swift; path = RecordsCaretaker.swift; sourceTree = "<group>"; };
		FB86AC9F2469A3E9002BA8B3 /* ControlFlowSet.swift */ = {isa = PBXFileReference; lastKnownFileType = sourcecode.swift; path = ControlFlowSet.swift; sourceTree = "<group>"; };
		FB86ACA12469A3F8002BA8B3 /* FunctionsSet.swift */ = {isa = PBXFileReference; lastKnownFileType = sourcecode.swift; path = FunctionsSet.swift; sourceTree = "<group>"; };
		FB86ACA52469A410002BA8B3 /* ClosuresSet.swift */ = {isa = PBXFileReference; lastKnownFileType = sourcecode.swift; path = ClosuresSet.swift; sourceTree = "<group>"; };
		FB86ACA72469A424002BA8B3 /* EnumerationsSet.swift */ = {isa = PBXFileReference; lastKnownFileType = sourcecode.swift; path = EnumerationsSet.swift; sourceTree = "<group>"; };
		FB87420824605BF500247923 /* button2.wav */ = {isa = PBXFileReference; lastKnownFileType = audio.wav; path = button2.wav; sourceTree = "<group>"; };
		FB87420924605BF500247923 /* trash.mp3 */ = {isa = PBXFileReference; lastKnownFileType = audio.mp3; path = trash.mp3; sourceTree = "<group>"; };
		FB87420A24605BF500247923 /* button1.wav */ = {isa = PBXFileReference; lastKnownFileType = audio.wav; path = button1.wav; sourceTree = "<group>"; };
		FB8742112461ABA600247923 /* SoundPlayer.swift */ = {isa = PBXFileReference; lastKnownFileType = sourcecode.swift; path = SoundPlayer.swift; sourceTree = "<group>"; };
		FB954D49246E5BD0000C952E /* StringAndCharactersSet.swift */ = {isa = PBXFileReference; lastKnownFileType = sourcecode.swift; path = StringAndCharactersSet.swift; sourceTree = "<group>"; };
		FB966288246E6D8C000B82B9 /* AccessControlSet.swift */ = {isa = PBXFileReference; lastKnownFileType = sourcecode.swift; path = AccessControlSet.swift; sourceTree = "<group>"; };
		FB96628A246E6D9B000B82B9 /* MemorySafetySet.swift */ = {isa = PBXFileReference; lastKnownFileType = sourcecode.swift; path = MemorySafetySet.swift; sourceTree = "<group>"; };
		FB96628C246E6E85000B82B9 /* AdvancedOperatorsSet.swift */ = {isa = PBXFileReference; lastKnownFileType = sourcecode.swift; path = AdvancedOperatorsSet.swift; sourceTree = "<group>"; };
		FB99F88A247B95430053166C /* CreationalPatternsSet.swift */ = {isa = PBXFileReference; lastKnownFileType = sourcecode.swift; path = CreationalPatternsSet.swift; sourceTree = "<group>"; };
		FB99F88C247B978C0053166C /* StructuralPatternsSet.swift */ = {isa = PBXFileReference; lastKnownFileType = sourcecode.swift; path = StructuralPatternsSet.swift; sourceTree = "<group>"; };
		FB99F88F247B98AE0053166C /* BehavioralPatternsSet.swift */ = {isa = PBXFileReference; lastKnownFileType = sourcecode.swift; path = BehavioralPatternsSet.swift; sourceTree = "<group>"; };
		FB99F891247B98E40053166C /* AntipatternsSet.swift */ = {isa = PBXFileReference; lastKnownFileType = sourcecode.swift; path = AntipatternsSet.swift; sourceTree = "<group>"; };
		FBA764F9246331E400D567D0 /* button3.mp3 */ = {isa = PBXFileReference; lastKnownFileType = audio.mp3; path = button3.mp3; sourceTree = "<group>"; };
		FBA764FA246331E400D567D0 /* button4.mp3 */ = {isa = PBXFileReference; lastKnownFileType = audio.mp3; path = button4.mp3; sourceTree = "<group>"; };
		FBA97902247CF43200228FB5 /* SettingCell.swift */ = {isa = PBXFileReference; lastKnownFileType = sourcecode.swift; path = SettingCell.swift; sourceTree = "<group>"; };
		FBA97903247CF43200228FB5 /* SettingCell.xib */ = {isa = PBXFileReference; lastKnownFileType = file.xib; path = SettingCell.xib; sourceTree = "<group>"; };
		FBAD8EF92445EFD500494BE7 /* SelectedTopic.swift */ = {isa = PBXFileReference; lastKnownFileType = sourcecode.swift; path = SelectedTopic.swift; sourceTree = "<group>"; };
		FBADAAEE246825560014501E /* CollectionTypesSet.swift */ = {isa = PBXFileReference; lastKnownFileType = sourcecode.swift; path = CollectionTypesSet.swift; sourceTree = "<group>"; };
		FBB3584424BF229300C33A79 /* AboutProjectController.swift */ = {isa = PBXFileReference; lastKnownFileType = sourcecode.swift; path = AboutProjectController.swift; sourceTree = "<group>"; };
		FBB4405424991C1E00D88937 /* RandomSuperSets.swift */ = {isa = PBXFileReference; lastKnownFileType = sourcecode.swift; path = RandomSuperSets.swift; sourceTree = "<group>"; };
		FBC1D4832474EE020055FF62 /* AnswerButtonsView.swift */ = {isa = PBXFileReference; lastKnownFileType = sourcecode.swift; path = AnswerButtonsView.swift; sourceTree = "<group>"; };
		FBC1D489247574730055FF62 /* ShadowsHelper.swift */ = {isa = PBXFileReference; lastKnownFileType = sourcecode.swift; path = ShadowsHelper.swift; sourceTree = "<group>"; };
		FBDECD832484D073004695FB /* RoundCornerButton.swift */ = {isa = PBXFileReference; lastKnownFileType = sourcecode.swift; path = RoundCornerButton.swift; sourceTree = "<group>"; };
		FBECDC5A243F2D0500BD5583 /* InitialViewController.swift */ = {isa = PBXFileReference; lastKnownFileType = sourcecode.swift; path = InitialViewController.swift; sourceTree = "<group>"; };
		FBECDC5D243F310800BD5583 /* Question.swift */ = {isa = PBXFileReference; lastKnownFileType = sourcecode.swift; path = Question.swift; sourceTree = "<group>"; };
		FBECDC5F243F352D00BD5583 /* TopicOperator.swift */ = {isa = PBXFileReference; lastKnownFileType = sourcecode.swift; path = TopicOperator.swift; sourceTree = "<group>"; };
/* End PBXFileReference section */

/* Begin PBXFrameworksBuildPhase section */
		FB2EAC8D243EEE0F0098FAC3 /* Frameworks */ = {
			isa = PBXFrameworksBuildPhase;
			buildActionMask = 2147483647;
			files = (
			);
			runOnlyForDeploymentPostprocessing = 0;
		};
/* End PBXFrameworksBuildPhase section */

/* Begin PBXGroup section */
		FB0E0290246CF334005CA792 /* GameHistory */ = {
			isa = PBXGroup;
			children = (
				FB8606AC24431A9300A692AD /* RecordsViewController.swift */,
				FB1D0BAD244D918900E9C56D /* RecordCell.swift */,
				FB1D0BAE244D918900E9C56D /* RecordCell.xib */,
				FB6624E624E01FEB008C9CE5 /* GameHistory */,
			);
			path = GameHistory;
			sourceTree = "<group>";
		};
		FB119C12246A52E1005F5289 /* 01 row */ = {
			isa = PBXGroup;
			children = (
				FB1D0B962446E7A600E9C56D /* TheBasicsSet.swift */,
				FB1D0B9824470D7E00E9C56D /* BasicOperatorsSet.swift */,
				FB954D49246E5BD0000C952E /* StringAndCharactersSet.swift */,
			);
			path = "01 row";
			sourceTree = "<group>";
		};
		FB119C13246A5305005F5289 /* 02 row */ = {
			isa = PBXGroup;
			children = (
				FBADAAEE246825560014501E /* CollectionTypesSet.swift */,
				FB86AC9F2469A3E9002BA8B3 /* ControlFlowSet.swift */,
			);
			path = "02 row";
			sourceTree = "<group>";
		};
		FB119C14246A54AE005F5289 /* 03 row */ = {
			isa = PBXGroup;
			children = (
				FB86ACA12469A3F8002BA8B3 /* FunctionsSet.swift */,
				FB86ACA52469A410002BA8B3 /* ClosuresSet.swift */,
				FB86ACA72469A424002BA8B3 /* EnumerationsSet.swift */,
			);
			path = "03 row";
			sourceTree = "<group>";
		};
		FB119C1D246A586E005F5289 /* 04 row */ = {
			isa = PBXGroup;
			children = (
				FB119C15246A54BC005F5289 /* StructuresAndClassesSet.swift */,
				FB119C19246A5522005F5289 /* PropertiesSet.swift */,
				FB119C1B246A554B005F5289 /* MethodsSet.swift */,
			);
			path = "04 row";
			sourceTree = "<group>";
		};
		FB119C1E246A5873005F5289 /* 05 row */ = {
			isa = PBXGroup;
			children = (
				FB119C22246A5AB3005F5289 /* SubscriptsSet.swift */,
				FB119C24246A5AC2005F5289 /* InheritanceSet.swift */,
				FB119C26246A5ACC005F5289 /* InitializationSet.swift */,
			);
			path = "05 row";
			sourceTree = "<group>";
		};
		FB119C1F246A5879005F5289 /* 06 row */ = {
			isa = PBXGroup;
			children = (
				FB119C28246A5AD7005F5289 /* DeinitializationSet.swift */,
				FB119C2A246A5AE4005F5289 /* ErrorHandlingSet.swift */,
			);
			path = "06 row";
			sourceTree = "<group>";
		};
		FB119C20246A587D005F5289 /* 07 row */ = {
			isa = PBXGroup;
			children = (
				FB119C2C246A5AF0005F5289 /* OptionalChainingSet.swift */,
				FB119C3D246A5B63005F5289 /* ARCSet.swift */,
			);
			path = "07 row";
			sourceTree = "<group>";
		};
		FB119C21246A5884005F5289 /* 08 row */ = {
			isa = PBXGroup;
			children = (
				FB119C2F246A5B03005F5289 /* TypeCastingSet.swift */,
				FB119C33246A5B23005F5289 /* NestedTypesSet.swift */,
				FB119C31246A5B12005F5289 /* ExtensionsSet.swift */,
			);
			path = "08 row";
			sourceTree = "<group>";
		};
		FB1D0B952446E76F00E9C56D /* Questions */ = {
			isa = PBXGroup;
			children = (
				FBB4405324991BD700D88937 /* Super Sets */,
				FB99F887247B85FE0053166C /* The Basics  */,
				FB99F888247B86320053166C /* Patterns */,
			);
			path = Questions;
			sourceTree = "<group>";
		};
		FB1D0B9A2448235F00E9C56D /* Singletons */ = {
			isa = PBXGroup;
			children = (
				FBAD8EF92445EFD500494BE7 /* SelectedTopic.swift */,
				FB8606A62441CF1C00A692AD /* Game.swift */,
				FB8742112461ABA600247923 /* SoundPlayer.swift */,
			);
			path = Singletons;
			sourceTree = "<group>";
		};
		FB2EAC87243EEE0F0098FAC3 = {
			isa = PBXGroup;
			children = (
				FB2EAC92243EEE0F0098FAC3 /* Swifty-Quiz */,
				FB2EAC91243EEE0F0098FAC3 /* Products */,
			);
			sourceTree = "<group>";
		};
		FB2EAC91243EEE0F0098FAC3 /* Products */ = {
			isa = PBXGroup;
			children = (
				FB2EAC90243EEE0F0098FAC3 /* Swifty-Quiz.app */,
			);
			name = Products;
			sourceTree = "<group>";
		};
		FB2EAC92243EEE0F0098FAC3 /* Swifty-Quiz */ = {
			isa = PBXGroup;
			children = (
				FB2EAC93243EEE0F0098FAC3 /* AppDelegate.swift */,
				FB2EAC95243EEE0F0098FAC3 /* SceneDelegate.swift */,
				FBECDC5C243F30D700BD5583 /* Model */,
				FB1D0B9A2448235F00E9C56D /* Singletons */,
				FBECDC58243F241B00BD5583 /* Controllers */,
				FB8606B32444771300A692AD /* Helpers */,
				FB8606B0244458E300A692AD /* Database */,
				FBDECD7C24839924004695FB /* Assets */,
				FB2EAC9E243EEE130098FAC3 /* LaunchScreen.storyboard */,
				FB2EAC99243EEE0F0098FAC3 /* Main.storyboard */,
				FB2EACA1243EEE130098FAC3 /* Info.plist */,
			);
			path = "Swifty-Quiz";
			sourceTree = "<group>";
		};
		FB37AA39246D2CAA001E08CE /* Topic Picker */ = {
			isa = PBXGroup;
			children = (
				FB37AA3E246D2D7C001E08CE /* TopicViewController.swift */,
				FB37AA3A246D2CCD001E08CE /* CategoriesCell.swift */,
				FB37AA3B246D2CCD001E08CE /* CategoriesCell.xib */,
			);
			path = "Topic Picker";
			sourceTree = "<group>";
		};
		FB6624E624E01FEB008C9CE5 /* GameHistory */ = {
			isa = PBXGroup;
			children = (
				FB6624E424E014FA008C9CE5 /* GameHistoryViewController.swift */,
				FB6624E724E0202C008C9CE5 /* GameHistoryCell.swift */,
				FB6624E824E0202C008C9CE5 /* GameHistoryCell.xib */,
			);
			path = GameHistory;
			sourceTree = "<group>";
		};
		FB66C05624559197009FADDE /* Setting */ = {
			isa = PBXGroup;
			children = (
				FB1D0B9C244C45AD00E9C56D /* SettingsViewController.swift */,
				FB66C057245591AC009FADDE /* SettingEnums.swift */,
				FBA97902247CF43200228FB5 /* SettingCell.swift */,
				FBA97903247CF43200228FB5 /* SettingCell.xib */,
			);
			path = Setting;
			sourceTree = "<group>";
		};
		FB8606B0244458E300A692AD /* Database */ = {
			isa = PBXGroup;
			children = (
				FB1D0B952446E76F00E9C56D /* Questions */,
				FBECDC5F243F352D00BD5583 /* TopicOperator.swift */,
				FB8606B124445E0600A692AD /* RecordsCaretaker.swift */,
				FB66C05024544125009FADDE /* SettingsCaretaker.swift */,
				FB66C05424547916009FADDE /* TopicCaretaker.swift */,
			);
			path = Database;
			sourceTree = "<group>";
		};
		FB8606B32444771300A692AD /* Helpers */ = {
			isa = PBXGroup;
			children = (
				FB7B13E024AA020400CB11C6 /* GameHelper.swift */,
				FBC1D489247574730055FF62 /* ShadowsHelper.swift */,
				FBDECD832484D073004695FB /* RoundCornerButton.swift */,
			);
			path = Helpers;
			sourceTree = "<group>";
		};
		FB87420624605B9C00247923 /* Sounds */ = {
			isa = PBXGroup;
			children = (
				FB69CBEC24ACFD64007506F6 /* swipe.mp3 */,
				FB7BCD4E24BDCDA700B8F6BA /* hideContinue.mp3 */,
				FB7BCD4F24BDCDA700B8F6BA /* showContinue.mp3 */,
				FB87420A24605BF500247923 /* button1.wav */,
				FB87420824605BF500247923 /* button2.wav */,
				FBA764F9246331E400D567D0 /* button3.mp3 */,
				FBA764FA246331E400D567D0 /* button4.mp3 */,
				FB87420924605BF500247923 /* trash.mp3 */,
			);
			path = Sounds;
			sourceTree = "<group>";
		};
		FB966285246E6B21000B82B9 /* 09 row */ = {
			isa = PBXGroup;
			children = (
				FB119C37246A5B3C005F5289 /* GenericsSet.swift */,
				FB119C35246A5B2F005F5289 /* ProtocolsSet.swift */,
			);
			path = "09 row";
			sourceTree = "<group>";
		};
		FB966286246E6B29000B82B9 /* 10 row */ = {
			isa = PBXGroup;
			children = (
				FB966288246E6D8C000B82B9 /* AccessControlSet.swift */,
				FB96628A246E6D9B000B82B9 /* MemorySafetySet.swift */,
			);
			path = "10 row";
			sourceTree = "<group>";
		};
		FB966287246E6B35000B82B9 /* 11 row */ = {
			isa = PBXGroup;
			children = (
				FB96628C246E6E85000B82B9 /* AdvancedOperatorsSet.swift */,
			);
			path = "11 row";
			sourceTree = "<group>";
		};
		FB99F887247B85FE0053166C /* The Basics  */ = {
			isa = PBXGroup;
			children = (
				FB119C12246A52E1005F5289 /* 01 row */,
				FB119C13246A5305005F5289 /* 02 row */,
				FB119C14246A54AE005F5289 /* 03 row */,
				FB119C1D246A586E005F5289 /* 04 row */,
				FB119C1E246A5873005F5289 /* 05 row */,
				FB119C1F246A5879005F5289 /* 06 row */,
				FB119C20246A587D005F5289 /* 07 row */,
				FB119C21246A5884005F5289 /* 08 row */,
				FB966285246E6B21000B82B9 /* 09 row */,
				FB966286246E6B29000B82B9 /* 10 row */,
				FB966287246E6B35000B82B9 /* 11 row */,
			);
			path = "The Basics ";
			sourceTree = "<group>";
		};
		FB99F888247B86320053166C /* Patterns */ = {
			isa = PBXGroup;
			children = (
				FB99F889247B95280053166C /* 01 row */,
				FB99F88E247B97C90053166C /* 02 row */,
			);
			path = Patterns;
			sourceTree = "<group>";
		};
		FB99F889247B95280053166C /* 01 row */ = {
			isa = PBXGroup;
			children = (
				FB7BCD4B24BC410600B8F6BA /* BasicsAboutPatternsSet.swift */,
				FB99F88A247B95430053166C /* CreationalPatternsSet.swift */,
				FB99F88C247B978C0053166C /* StructuralPatternsSet.swift */,
			);
			path = "01 row";
			sourceTree = "<group>";
		};
		FB99F88E247B97C90053166C /* 02 row */ = {
			isa = PBXGroup;
			children = (
				FB99F88F247B98AE0053166C /* BehavioralPatternsSet.swift */,
				FB99F891247B98E40053166C /* AntipatternsSet.swift */,
			);
			path = "02 row";
			sourceTree = "<group>";
		};
		FBB4405324991BD700D88937 /* Super Sets */ = {
			isa = PBXGroup;
			children = (
				FBB4405424991C1E00D88937 /* RandomSuperSets.swift */,
				FB0807EE24A090CA00016E18 /* GuideRandomSet.swift */,
				FB0807F024A0948500016E18 /* PatternsRandomSet.swift */,
			);
			path = "Super Sets";
			sourceTree = "<group>";
		};
		FBC1D4822474EDCD0055FF62 /* Game Controller */ = {
			isa = PBXGroup;
			children = (
				FB2EAC97243EEE0F0098FAC3 /* GameViewController.swift */,
				FBC1D4832474EE020055FF62 /* AnswerButtonsView.swift */,
			);
			path = "Game Controller";
			sourceTree = "<group>";
		};
		FBDECD7C24839924004695FB /* Assets */ = {
			isa = PBXGroup;
			children = (
				FB87420624605B9C00247923 /* Sounds */,
				FB2EAC9C243EEE130098FAC3 /* Assets.xcassets */,
			);
			path = Assets;
			sourceTree = "<group>";
		};
		FBECDC58243F241B00BD5583 /* Controllers */ = {
			isa = PBXGroup;
			children = (
				FB7B13E224AB5DE600CB11C6 /* LaunchViewController.swift */,
				FBECDC5A243F2D0500BD5583 /* InitialViewController.swift */,
				FBB3584424BF229300C33A79 /* AboutProjectController.swift */,
				FB1D0BB12450133200E9C56D /* HelpViewController.swift */,
				FBC1D4822474EDCD0055FF62 /* Game Controller */,
				FB37AA39246D2CAA001E08CE /* Topic Picker */,
				FB0E0290246CF334005CA792 /* GameHistory */,
				FB66C05624559197009FADDE /* Setting */,
			);
			path = Controllers;
			sourceTree = "<group>";
		};
		FBECDC5C243F30D700BD5583 /* Model */ = {
			isa = PBXGroup;
			children = (
				FBECDC5D243F310800BD5583 /* Question.swift */,
				FB6624E224DFF4B7008C9CE5 /* GameHistory.swift */,
				FB8606A82441CF7300A692AD /* Record.swift */,
				FB66C04E24542587009FADDE /* Settings.swift */,
				FB66C0522454782B009FADDE /* Topic.swift */,
			);
			path = Model;
			sourceTree = "<group>";
		};
/* End PBXGroup section */

/* Begin PBXNativeTarget section */
		FB2EAC8F243EEE0F0098FAC3 /* Swifty-Quiz */ = {
			isa = PBXNativeTarget;
			buildConfigurationList = FB2EACA4243EEE130098FAC3 /* Build configuration list for PBXNativeTarget "Swifty-Quiz" */;
			buildPhases = (
				FB2EAC8C243EEE0F0098FAC3 /* Sources */,
				FB2EAC8D243EEE0F0098FAC3 /* Frameworks */,
				FB2EAC8E243EEE0F0098FAC3 /* Resources */,
			);
			buildRules = (
			);
			dependencies = (
			);
			name = "Swifty-Quiz";
			productName = Millionaire2.0;
			productReference = FB2EAC90243EEE0F0098FAC3 /* Swifty-Quiz.app */;
			productType = "com.apple.product-type.application";
		};
/* End PBXNativeTarget section */

/* Begin PBXProject section */
		FB2EAC88243EEE0F0098FAC3 /* Project object */ = {
			isa = PBXProject;
			attributes = {
				LastSwiftUpdateCheck = 1130;
				LastUpgradeCheck = 1130;
				ORGANIZATIONNAME = "Evel-Devel";
				TargetAttributes = {
					FB2EAC8F243EEE0F0098FAC3 = {
						CreatedOnToolsVersion = 11.3.1;
					};
				};
			};
			buildConfigurationList = FB2EAC8B243EEE0F0098FAC3 /* Build configuration list for PBXProject "Swifty-Quiz" */;
			compatibilityVersion = "Xcode 9.3";
			developmentRegion = en;
			hasScannedForEncodings = 0;
			knownRegions = (
				en,
				Base,
			);
			mainGroup = FB2EAC87243EEE0F0098FAC3;
			productRefGroup = FB2EAC91243EEE0F0098FAC3 /* Products */;
			projectDirPath = "";
			projectRoot = "";
			targets = (
				FB2EAC8F243EEE0F0098FAC3 /* Swifty-Quiz */,
			);
		};
/* End PBXProject section */

/* Begin PBXResourcesBuildPhase section */
		FB2EAC8E243EEE0F0098FAC3 /* Resources */ = {
			isa = PBXResourcesBuildPhase;
			buildActionMask = 2147483647;
			files = (
				FBA764FB246331E400D567D0 /* button3.mp3 in Resources */,
				FB7BCD5024BDCDA700B8F6BA /* hideContinue.mp3 in Resources */,
				FB2EACA0243EEE130098FAC3 /* LaunchScreen.storyboard in Resources */,
				FB87420D24605BF500247923 /* trash.mp3 in Resources */,
				FB6624EA24E0202C008C9CE5 /* GameHistoryCell.xib in Resources */,
				FB2EAC9D243EEE130098FAC3 /* Assets.xcassets in Resources */,
				FB6624EB24E02552008C9CE5 /* Main.storyboard in Resources */,
				FB1D0BB0244D918900E9C56D /* RecordCell.xib in Resources */,
				FB99F8C2247BA4690053166C /* CategoriesCell.xib in Resources */,
				FBA764FC246331E400D567D0 /* button4.mp3 in Resources */,
				FB69CBED24ACFD64007506F6 /* swipe.mp3 in Resources */,
				FB87420E24605BF500247923 /* button1.wav in Resources */,
				FBA97905247CF43200228FB5 /* SettingCell.xib in Resources */,
				FB7BCD5124BDCDA700B8F6BA /* showContinue.mp3 in Resources */,
				FB87420C24605BF500247923 /* button2.wav in Resources */,
			);
			runOnlyForDeploymentPostprocessing = 0;
		};
/* End PBXResourcesBuildPhase section */

/* Begin PBXSourcesBuildPhase section */
		FB2EAC8C243EEE0F0098FAC3 /* Sources */ = {
			isa = PBXSourcesBuildPhase;
			buildActionMask = 2147483647;
			files = (
				FB119C1A246A5522005F5289 /* PropertiesSet.swift in Sources */,
				FB8742122461ABA600247923 /* SoundPlayer.swift in Sources */,
				FB119C2D246A5AF0005F5289 /* OptionalChainingSet.swift in Sources */,
				FB66C05124544125009FADDE /* SettingsCaretaker.swift in Sources */,
				FB86ACA22469A3F8002BA8B3 /* FunctionsSet.swift in Sources */,
				FB7B13E124AA020400CB11C6 /* GameHelper.swift in Sources */,
				FB6624E924E0202C008C9CE5 /* GameHistoryCell.swift in Sources */,
				FBECDC60243F352D00BD5583 /* TopicOperator.swift in Sources */,
				FBC1D4842474EE020055FF62 /* AnswerButtonsView.swift in Sources */,
				FBDECD842484D073004695FB /* RoundCornerButton.swift in Sources */,
				FB96628D246E6E85000B82B9 /* AdvancedOperatorsSet.swift in Sources */,
				FB1D0B972446E7A600E9C56D /* TheBasicsSet.swift in Sources */,
				FBECDC5E243F310800BD5583 /* Question.swift in Sources */,
				FB8606A92441CF7300A692AD /* Record.swift in Sources */,
				FB8606A72441CF1C00A692AD /* Game.swift in Sources */,
				FB86ACA82469A424002BA8B3 /* EnumerationsSet.swift in Sources */,
				FB99F88B247B95430053166C /* CreationalPatternsSet.swift in Sources */,
				FB119C1C246A554B005F5289 /* MethodsSet.swift in Sources */,
				FB37AA3F246D2D7C001E08CE /* TopicViewController.swift in Sources */,
				FB37AA3C246D2CCD001E08CE /* CategoriesCell.swift in Sources */,
				FB2EAC98243EEE0F0098FAC3 /* GameViewController.swift in Sources */,
				FB99F892247B98E40053166C /* AntipatternsSet.swift in Sources */,
				FB7B13E324AB5DE600CB11C6 /* LaunchViewController.swift in Sources */,
				FBADAAEF246825560014501E /* CollectionTypesSet.swift in Sources */,
				FB96628B246E6D9B000B82B9 /* MemorySafetySet.swift in Sources */,
				FB6624E324DFF4B7008C9CE5 /* GameHistory.swift in Sources */,
				FB966289246E6D8C000B82B9 /* AccessControlSet.swift in Sources */,
				FB86ACA62469A410002BA8B3 /* ClosuresSet.swift in Sources */,
				FB119C34246A5B23005F5289 /* NestedTypesSet.swift in Sources */,
				FB8606AD24431A9300A692AD /* RecordsViewController.swift in Sources */,
				FB119C23246A5AB3005F5289 /* SubscriptsSet.swift in Sources */,
				FBC1D48A247574730055FF62 /* ShadowsHelper.swift in Sources */,
				FB119C29246A5AD7005F5289 /* DeinitializationSet.swift in Sources */,
				FB0807F124A0948500016E18 /* PatternsRandomSet.swift in Sources */,
				FB119C36246A5B2F005F5289 /* ProtocolsSet.swift in Sources */,
				FB119C3E246A5B63005F5289 /* ARCSet.swift in Sources */,
				FB99F88D247B978C0053166C /* StructuralPatternsSet.swift in Sources */,
				FB119C2B246A5AE4005F5289 /* ErrorHandlingSet.swift in Sources */,
				FB1D0B9D244C45AD00E9C56D /* SettingsViewController.swift in Sources */,
				FB119C16246A54BC005F5289 /* StructuresAndClassesSet.swift in Sources */,
				FBAD8EFA2445EFD500494BE7 /* SelectedTopic.swift in Sources */,
				FB99F890247B98AE0053166C /* BehavioralPatternsSet.swift in Sources */,
				FB119C27246A5ACC005F5289 /* InitializationSet.swift in Sources */,
				FB66C0532454782B009FADDE /* Topic.swift in Sources */,
				FB2EAC94243EEE0F0098FAC3 /* AppDelegate.swift in Sources */,
				FB0807EF24A090CA00016E18 /* GuideRandomSet.swift in Sources */,
				FB119C38246A5B3C005F5289 /* GenericsSet.swift in Sources */,
				FB119C25246A5AC2005F5289 /* InheritanceSet.swift in Sources */,
				FB1D0BAF244D918900E9C56D /* RecordCell.swift in Sources */,
				FB66C04F24542587009FADDE /* Settings.swift in Sources */,
				FB1D0BB22450133200E9C56D /* HelpViewController.swift in Sources */,
				FB7BCD4C24BC410600B8F6BA /* BasicsAboutPatternsSet.swift in Sources */,
				FB6624E524E014FA008C9CE5 /* GameHistoryViewController.swift in Sources */,
				FB86ACA02469A3E9002BA8B3 /* ControlFlowSet.swift in Sources */,
				FB1D0B9924470D7E00E9C56D /* BasicOperatorsSet.swift in Sources */,
				FB66C058245591AC009FADDE /* SettingEnums.swift in Sources */,
				FB119C32246A5B12005F5289 /* ExtensionsSet.swift in Sources */,
				FB119C30246A5B03005F5289 /* TypeCastingSet.swift in Sources */,
				FBB3584524BF229300C33A79 /* AboutProjectController.swift in Sources */,
				FBA97904247CF43200228FB5 /* SettingCell.swift in Sources */,
				FB2EAC96243EEE0F0098FAC3 /* SceneDelegate.swift in Sources */,
				FB8606AA2441D4B300A692AD /* InitialViewController.swift in Sources */,
				FB954D4A246E5BD0000C952E /* StringAndCharactersSet.swift in Sources */,
				FBB4405524991C1E00D88937 /* RandomSuperSets.swift in Sources */,
				FB66C05524547916009FADDE /* TopicCaretaker.swift in Sources */,
				FB8606B224445E0600A692AD /* RecordsCaretaker.swift in Sources */,
			);
			runOnlyForDeploymentPostprocessing = 0;
		};
/* End PBXSourcesBuildPhase section */

/* Begin PBXVariantGroup section */
		FB2EAC99243EEE0F0098FAC3 /* Main.storyboard */ = {
			isa = PBXVariantGroup;
			children = (
				FB2EAC9A243EEE0F0098FAC3 /* Base */,
			);
			name = Main.storyboard;
			sourceTree = "<group>";
		};
		FB2EAC9E243EEE130098FAC3 /* LaunchScreen.storyboard */ = {
			isa = PBXVariantGroup;
			children = (
				FB2EAC9F243EEE130098FAC3 /* Base */,
			);
			name = LaunchScreen.storyboard;
			sourceTree = "<group>";
		};
/* End PBXVariantGroup section */

/* Begin XCBuildConfiguration section */
		FB2EACA2243EEE130098FAC3 /* Debug */ = {
			isa = XCBuildConfiguration;
			buildSettings = {
				ALWAYS_SEARCH_USER_PATHS = NO;
				CLANG_ANALYZER_NONNULL = YES;
				CLANG_ANALYZER_NUMBER_OBJECT_CONVERSION = YES_AGGRESSIVE;
				CLANG_CXX_LANGUAGE_STANDARD = "gnu++14";
				CLANG_CXX_LIBRARY = "libc++";
				CLANG_ENABLE_MODULES = YES;
				CLANG_ENABLE_OBJC_ARC = YES;
				CLANG_ENABLE_OBJC_WEAK = YES;
				CLANG_WARN_BLOCK_CAPTURE_AUTORELEASING = YES;
				CLANG_WARN_BOOL_CONVERSION = YES;
				CLANG_WARN_COMMA = YES;
				CLANG_WARN_CONSTANT_CONVERSION = YES;
				CLANG_WARN_DEPRECATED_OBJC_IMPLEMENTATIONS = YES;
				CLANG_WARN_DIRECT_OBJC_ISA_USAGE = YES_ERROR;
				CLANG_WARN_DOCUMENTATION_COMMENTS = YES;
				CLANG_WARN_EMPTY_BODY = YES;
				CLANG_WARN_ENUM_CONVERSION = YES;
				CLANG_WARN_INFINITE_RECURSION = YES;
				CLANG_WARN_INT_CONVERSION = YES;
				CLANG_WARN_NON_LITERAL_NULL_CONVERSION = YES;
				CLANG_WARN_OBJC_IMPLICIT_RETAIN_SELF = YES;
				CLANG_WARN_OBJC_LITERAL_CONVERSION = YES;
				CLANG_WARN_OBJC_ROOT_CLASS = YES_ERROR;
				CLANG_WARN_RANGE_LOOP_ANALYSIS = YES;
				CLANG_WARN_STRICT_PROTOTYPES = YES;
				CLANG_WARN_SUSPICIOUS_MOVE = YES;
				CLANG_WARN_UNGUARDED_AVAILABILITY = YES_AGGRESSIVE;
				CLANG_WARN_UNREACHABLE_CODE = YES;
				CLANG_WARN__DUPLICATE_METHOD_MATCH = YES;
				COPY_PHASE_STRIP = NO;
				DEBUG_INFORMATION_FORMAT = dwarf;
				ENABLE_STRICT_OBJC_MSGSEND = YES;
				ENABLE_TESTABILITY = YES;
				GCC_C_LANGUAGE_STANDARD = gnu11;
				GCC_DYNAMIC_NO_PIC = NO;
				GCC_NO_COMMON_BLOCKS = YES;
				GCC_OPTIMIZATION_LEVEL = 0;
				GCC_PREPROCESSOR_DEFINITIONS = (
					"DEBUG=1",
					"$(inherited)",
				);
				GCC_WARN_64_TO_32_BIT_CONVERSION = YES;
				GCC_WARN_ABOUT_RETURN_TYPE = YES_ERROR;
				GCC_WARN_UNDECLARED_SELECTOR = YES;
				GCC_WARN_UNINITIALIZED_AUTOS = YES_AGGRESSIVE;
				GCC_WARN_UNUSED_FUNCTION = YES;
				GCC_WARN_UNUSED_VARIABLE = YES;
				IPHONEOS_DEPLOYMENT_TARGET = 13.2;
				MTL_ENABLE_DEBUG_INFO = INCLUDE_SOURCE;
				MTL_FAST_MATH = YES;
				ONLY_ACTIVE_ARCH = YES;
				SDKROOT = iphoneos;
				SWIFT_ACTIVE_COMPILATION_CONDITIONS = DEBUG;
				SWIFT_OPTIMIZATION_LEVEL = "-Onone";
			};
			name = Debug;
		};
		FB2EACA3243EEE130098FAC3 /* Release */ = {
			isa = XCBuildConfiguration;
			buildSettings = {
				ALWAYS_SEARCH_USER_PATHS = NO;
				CLANG_ANALYZER_NONNULL = YES;
				CLANG_ANALYZER_NUMBER_OBJECT_CONVERSION = YES_AGGRESSIVE;
				CLANG_CXX_LANGUAGE_STANDARD = "gnu++14";
				CLANG_CXX_LIBRARY = "libc++";
				CLANG_ENABLE_MODULES = YES;
				CLANG_ENABLE_OBJC_ARC = YES;
				CLANG_ENABLE_OBJC_WEAK = YES;
				CLANG_WARN_BLOCK_CAPTURE_AUTORELEASING = YES;
				CLANG_WARN_BOOL_CONVERSION = YES;
				CLANG_WARN_COMMA = YES;
				CLANG_WARN_CONSTANT_CONVERSION = YES;
				CLANG_WARN_DEPRECATED_OBJC_IMPLEMENTATIONS = YES;
				CLANG_WARN_DIRECT_OBJC_ISA_USAGE = YES_ERROR;
				CLANG_WARN_DOCUMENTATION_COMMENTS = YES;
				CLANG_WARN_EMPTY_BODY = YES;
				CLANG_WARN_ENUM_CONVERSION = YES;
				CLANG_WARN_INFINITE_RECURSION = YES;
				CLANG_WARN_INT_CONVERSION = YES;
				CLANG_WARN_NON_LITERAL_NULL_CONVERSION = YES;
				CLANG_WARN_OBJC_IMPLICIT_RETAIN_SELF = YES;
				CLANG_WARN_OBJC_LITERAL_CONVERSION = YES;
				CLANG_WARN_OBJC_ROOT_CLASS = YES_ERROR;
				CLANG_WARN_RANGE_LOOP_ANALYSIS = YES;
				CLANG_WARN_STRICT_PROTOTYPES = YES;
				CLANG_WARN_SUSPICIOUS_MOVE = YES;
				CLANG_WARN_UNGUARDED_AVAILABILITY = YES_AGGRESSIVE;
				CLANG_WARN_UNREACHABLE_CODE = YES;
				CLANG_WARN__DUPLICATE_METHOD_MATCH = YES;
				COPY_PHASE_STRIP = NO;
				DEBUG_INFORMATION_FORMAT = "dwarf-with-dsym";
				ENABLE_NS_ASSERTIONS = NO;
				ENABLE_STRICT_OBJC_MSGSEND = YES;
				GCC_C_LANGUAGE_STANDARD = gnu11;
				GCC_NO_COMMON_BLOCKS = YES;
				GCC_WARN_64_TO_32_BIT_CONVERSION = YES;
				GCC_WARN_ABOUT_RETURN_TYPE = YES_ERROR;
				GCC_WARN_UNDECLARED_SELECTOR = YES;
				GCC_WARN_UNINITIALIZED_AUTOS = YES_AGGRESSIVE;
				GCC_WARN_UNUSED_FUNCTION = YES;
				GCC_WARN_UNUSED_VARIABLE = YES;
				IPHONEOS_DEPLOYMENT_TARGET = 13.2;
				MTL_ENABLE_DEBUG_INFO = NO;
				MTL_FAST_MATH = YES;
				SDKROOT = iphoneos;
				SWIFT_COMPILATION_MODE = wholemodule;
				SWIFT_OPTIMIZATION_LEVEL = "-O";
				VALIDATE_PRODUCT = YES;
			};
			name = Release;
		};
		FB2EACA5243EEE130098FAC3 /* Debug */ = {
			isa = XCBuildConfiguration;
			buildSettings = {
				ASSETCATALOG_COMPILER_APPICON_NAME = AppIcon;
				CODE_SIGN_STYLE = Automatic;
				DEVELOPMENT_TEAM = KPBLB2422Y;
				INFOPLIST_FILE = "Swifty-Quiz/Info.plist";
				IPHONEOS_DEPLOYMENT_TARGET = 13.0;
				LD_RUNPATH_SEARCH_PATHS = (
					"$(inherited)",
					"@executable_path/Frameworks",
				);
				MARKETING_VERSION = 1.5;
				PRODUCT_BUNDLE_IDENTIFIER = "com.Evel-Devel.Swifty-Quiz";
				PRODUCT_NAME = "Swifty-Quiz";
				SWIFT_VERSION = 5.0;
				TARGETED_DEVICE_FAMILY = "1,2";
			};
			name = Debug;
		};
		FB2EACA6243EEE130098FAC3 /* Release */ = {
			isa = XCBuildConfiguration;
			buildSettings = {
				ASSETCATALOG_COMPILER_APPICON_NAME = AppIcon;
				CODE_SIGN_STYLE = Automatic;
				DEVELOPMENT_TEAM = KPBLB2422Y;
				INFOPLIST_FILE = "Swifty-Quiz/Info.plist";
				IPHONEOS_DEPLOYMENT_TARGET = 13.0;
				LD_RUNPATH_SEARCH_PATHS = (
					"$(inherited)",
					"@executable_path/Frameworks",
				);
				MARKETING_VERSION = 1.5;
				PRODUCT_BUNDLE_IDENTIFIER = "com.Evel-Devel.Swifty-Quiz";
				PRODUCT_NAME = "Swifty-Quiz";
				SWIFT_VERSION = 5.0;
				TARGETED_DEVICE_FAMILY = "1,2";
			};
			name = Release;
		};
/* End XCBuildConfiguration section */

/* Begin XCConfigurationList section */
		FB2EAC8B243EEE0F0098FAC3 /* Build configuration list for PBXProject "Swifty-Quiz" */ = {
			isa = XCConfigurationList;
			buildConfigurations = (
				FB2EACA2243EEE130098FAC3 /* Debug */,
				FB2EACA3243EEE130098FAC3 /* Release */,
			);
			defaultConfigurationIsVisible = 0;
			defaultConfigurationName = Release;
		};
		FB2EACA4243EEE130098FAC3 /* Build configuration list for PBXNativeTarget "Swifty-Quiz" */ = {
			isa = XCConfigurationList;
			buildConfigurations = (
				FB2EACA5243EEE130098FAC3 /* Debug */,
				FB2EACA6243EEE130098FAC3 /* Release */,
			);
			defaultConfigurationIsVisible = 0;
			defaultConfigurationName = Release;
		};
/* End XCConfigurationList section */
	};
	rootObject = FB2EAC88243EEE0F0098FAC3 /* Project object */;
}
